
Microsoft Visual Studio Solution File, Format Version 12.00
# Visual Studio Version 16
VisualStudioVersion = 16.0.33130.400
MinimumVisualStudioVersion = 10.0.40219.1
Project("{FAE04EC0-301F-11D3-BF4B-00C04F79EFBC}") = "WindowsFormsApp5", "WindowsFormsApp5\WindowsFormsApp5.csproj", "{740B3AC4-83B3-4095-B8DF-E54029DD1662}"
EndProject
Global
	GlobalSection(SolutionConfigurationPlatforms) = preSolution
		Debug|Any CPU = Debug|Any CPU
		Release|Any CPU = Release|Any CPU
	EndGlobalSection
	GlobalSection(ProjectConfigurationPlatforms) = postSolution
		{740B3AC4-83B3-4095-B8DF-E54029DD1662}.Debug|Any CPU.ActiveCfg = Debug|Any CPU
		{740B3AC4-83B3-4095-B8DF-E54029DD1662}.Debug|Any CPU.Build.0 = Debug|Any CPU
		{740B3AC4-83B3-4095-B8DF-E54029DD1662}.Release|Any CPU.ActiveCfg = Release|Any CPU
		{740B3AC4-83B3-4095-B8DF-E54029DD1662}.Release|Any CPU.Build.0 = Release|Any CPU
	EndGlobalSection
	GlobalSection(SolutionProperties) = preSolution
		HideSolutionNode = FALSE
	EndGlobalSection
	GlobalSection(ExtensibilityGlobals) = postSolution
		SolutionGuid = {4C4A6A07-5614-494E-BFC3-3FDB61FAB7AA}
	EndGlobalSection
EndGlobal
