
Microsoft Visual Studio Solution File, Format Version 12.00
# Visual Studio Version 16
VisualStudioVersion = 16.0.33130.400
MinimumVisualStudioVersion = 10.0.40219.1
Project("{FAE04EC0-301F-11D3-BF4B-00C04F79EFBC}") = "WindowsFormsApp6", "WindowsFormsApp6\WindowsFormsApp6.csproj", "{F013D851-62DB-4975-A6F0-C13159D8F189}"
EndProject
Global
	GlobalSection(SolutionConfigurationPlatforms) = preSolution
		Debug|Any CPU = Debug|Any CPU
		Debug|x64 = Debug|x64
		Release|Any CPU = Release|Any CPU
		Release|x64 = Release|x64
	EndGlobalSection
	GlobalSection(ProjectConfigurationPlatforms) = postSolution
		{F013D851-62DB-4975-A6F0-C13159D8F189}.Debug|Any CPU.ActiveCfg = Debug|Any CPU
		{F013D851-62DB-4975-A6F0-C13159D8F189}.Debug|Any CPU.Build.0 = Debug|Any CPU
		{F013D851-62DB-4975-A6F0-C13159D8F189}.Debug|x64.ActiveCfg = Debug|x64
		{F013D851-62DB-4975-A6F0-C13159D8F189}.Debug|x64.Build.0 = Debug|x64
		{F013D851-62DB-4975-A6F0-C13159D8F189}.Release|Any CPU.ActiveCfg = Release|Any CPU
		{F013D851-62DB-4975-A6F0-C13159D8F189}.Release|Any CPU.Build.0 = Release|Any CPU
		{F013D851-62DB-4975-A6F0-C13159D8F189}.Release|x64.ActiveCfg = Release|x64
		{F013D851-62DB-4975-A6F0-C13159D8F189}.Release|x64.Build.0 = Release|x64
	EndGlobalSection
	GlobalSection(SolutionProperties) = preSolution
		HideSolutionNode = FALSE
	EndGlobalSection
	GlobalSection(ExtensibilityGlobals) = postSolution
		SolutionGuid = {BE621825-A745-4E0B-A663-3026BCEE5E12}
	EndGlobalSection
EndGlobal
